<?xml version="1.0" encoding="utf-8"?>
<Project ToolsVersion="4.0" xmlns="http://schemas.microsoft.com/developer/msbuild/2003">
  <ItemGroup>
    <Filter Include="appsrc">
      <UniqueIdentifier>{61eb1b76-ff27-4aa7-a8fc-5264a3f6020d}</UniqueIdentifier>
    </Filter>
    <Filter Include="net">
      <UniqueIdentifier>{68820f9b-ae88-4d08-99dc-b653a067a593}</UniqueIdentifier>
    </Filter>
  </ItemGroup>
  <ItemGroup>
    <ClCompile Include="EventLoop.cpp">
      <Filter>net</Filter>
    </ClCompile>
    <ClCompile Include="TCPConnection.cpp">
      <Filter>net</Filter>
    </ClCompile>
    <ClCompile Include="ByteBuffer.cpp">
      <Filter>net</Filter>
    </ClCompile>
    <ClCompile Include="Epoll.cpp">
      <Filter>net</Filter>
    </ClCompile>
    <ClCompile Include="Poll.cpp">
      <Filter>net</Filter>
    </ClCompile>
    <ClCompile Include="Select.cpp">
      <Filter>net</Filter>
    </ClCompile>
  </ItemGroup>
  <ItemGroup>
    <ClInclude Include="EventLoop.h">
      <Filter>net</Filter>
    </ClInclude>
    <ClInclude Include="IEventDispatcher.h">
      <Filter>net</Filter>
    </ClInclude>
    <ClInclude Include="TCPConnection.h">
      <Filter>net</Filter>
    </ClInclude>
    <ClInclude Include="ByteBuffer.h">
      <Filter>net</Filter>
    </ClInclude>
    <ClInclude Include="IOMultiplex.h">
      <Filter>net</Filter>
    </ClInclude>
    <ClInclude Include="Epoll.h">
      <Filter>net</Filter>
    </ClInclude>
    <ClInclude Include="Poll.h">
      <Filter>net</Filter>
    </ClInclude>
    <ClInclude Include="Select.h">
      <Filter>net</Filter>
    </ClInclude>
  </ItemGroup>
</Project>